PODS:
  - Flutter (1.0.0)
  - integration_test (0.0.1):
    - Flutter
  - wee_flutter_tflite (0.0.1):
    - Flutter

DEPENDENCIES:
  - Flutter (from `Flutter`)
  - integration_test (from `.symlinks/plugins/integration_test/ios`)
  - wee_flutter_tflite (from `.symlinks/plugins/wee_flutter_tflite/ios`)

EXTERNAL SOURCES:
  Flutter:
    :path: Flutter
  integration_test:
    :path: ".symlinks/plugins/integration_test/ios"
  wee_flutter_tflite:
    :path: ".symlinks/plugins/wee_flutter_tflite/ios"

SPEC CHECKSUMS:
  Flutter: f04841e97a9d0b0a8025694d0796dd46242b2854
  integration_test: 13825b8a9334a850581300559b8839134b124670
  wee_flutter_tflite: e968a1c0702c07ebb96b09a1c17995d091f1d8a4

PODFILE CHECKSUM: 70d9d25280d0dd177a5f637cdb0f0b0b12c6a189

COCOAPODS: 1.12.0
